
Microsoft Visual Studio Solution File, Format Version 12.00
# Visual Studio Version 16
VisualStudioVersion = 16.0.29424.173
MinimumVisualStudioVersion = 10.0.40219.1
Project("{FAE04EC0-301F-11D3-BF4B-00C04F79EFBC}") = "HotelSystem", "HotelSystem.csproj", "{3DB626E9-A680-4AFA-AC7C-2C3DCA30EE4A}"
EndProject
Project("{FAE04EC0-301F-11D3-BF4B-00C04F79EFBC}") = "HotelGUI", "..\HotelGUI\HotelGUI.csproj", "{87388E1B-A545-4123-AB25-59B4EDD75293}"
EndProject
Project("{FAE04EC0-301F-11D3-BF4B-00C04F79EFBC}") = "UnitTestHotelProject", "..\UnitTestHotelProject\UnitTestHotelProject.csproj", "{31BF0399-128D-431E-8937-A6CD2F3B66C7}"
EndProject
Global
	GlobalSection(SolutionConfigurationPlatforms) = preSolution
		Debug|Any CPU = Debug|Any CPU
		Release|Any CPU = Release|Any CPU
	EndGlobalSection
	GlobalSection(ProjectConfigurationPlatforms) = postSolution
		{3DB626E9-A680-4AFA-AC7C-2C3DCA30EE4A}.Debug|Any CPU.ActiveCfg = Debug|Any CPU
		{3DB626E9-A680-4AFA-AC7C-2C3DCA30EE4A}.Debug|Any CPU.Build.0 = Debug|Any CPU
		{3DB626E9-A680-4AFA-AC7C-2C3DCA30EE4A}.Release|Any CPU.ActiveCfg = Release|Any CPU
		{3DB626E9-A680-4AFA-AC7C-2C3DCA30EE4A}.Release|Any CPU.Build.0 = Release|Any CPU
		{87388E1B-A545-4123-AB25-59B4EDD75293}.Debug|Any CPU.ActiveCfg = Debug|Any CPU
		{87388E1B-A545-4123-AB25-59B4EDD75293}.Debug|Any CPU.Build.0 = Debug|Any CPU
		{87388E1B-A545-4123-AB25-59B4EDD75293}.Release|Any CPU.ActiveCfg = Release|Any CPU
		{87388E1B-A545-4123-AB25-59B4EDD75293}.Release|Any CPU.Build.0 = Release|Any CPU
		{31BF0399-128D-431E-8937-A6CD2F3B66C7}.Debug|Any CPU.ActiveCfg = Debug|Any CPU
		{31BF0399-128D-431E-8937-A6CD2F3B66C7}.Debug|Any CPU.Build.0 = Debug|Any CPU
		{31BF0399-128D-431E-8937-A6CD2F3B66C7}.Release|Any CPU.ActiveCfg = Release|Any CPU
		{31BF0399-128D-431E-8937-A6CD2F3B66C7}.Release|Any CPU.Build.0 = Release|Any CPU
	EndGlobalSection
	GlobalSection(SolutionProperties) = preSolution
		HideSolutionNode = FALSE
	EndGlobalSection
	GlobalSection(ExtensibilityGlobals) = postSolution
		SolutionGuid = {A7382042-F7C8-4EAB-ABC7-3328C6716BB8}
	EndGlobalSection
EndGlobal
